
Microsoft Visual Studio Solution File, Format Version 12.00
# Visual Studio Version 17
VisualStudioVersion = 17.6.33723.286
MinimumVisualStudioVersion = 10.0.40219.1
Project("{9A19103F-16F7-4668-BE54-9A1E7A4F7556}") = "BasicConsoleApp", "BasicConsoleApp\BasicConsoleApp.csproj", "{C1653F72-19BA-4147-94B3-008D20B4E495}"
EndProject
Project("{9A19103F-16F7-4668-BE54-9A1E7A4F7556}") = "BasicClassLibrary", "BasicClassLibrary\BasicClassLibrary.csproj", "{F598C890-EED5-4C8E-8B4E-5A58F6CA8D24}"
EndProject
Project("{9A19103F-16F7-4668-BE54-9A1E7A4F7556}") = "BasicWebCore", "BasicWebCore\BasicWebCore.csproj", "{9E53878C-3EA1-4250-8491-B4BBEFDE008B}"
EndProject
Global
	GlobalSection(SolutionConfigurationPlatforms) = preSolution
		Debug|Any CPU = Debug|Any CPU
		Release|Any CPU = Release|Any CPU
	EndGlobalSection
	GlobalSection(ProjectConfigurationPlatforms) = postSolution
		{C1653F72-19BA-4147-94B3-008D20B4E495}.Debug|Any CPU.ActiveCfg = Debug|Any CPU
		{C1653F72-19BA-4147-94B3-008D20B4E495}.Debug|Any CPU.Build.0 = Debug|Any CPU
		{C1653F72-19BA-4147-94B3-008D20B4E495}.Release|Any CPU.ActiveCfg = Release|Any CPU
		{C1653F72-19BA-4147-94B3-008D20B4E495}.Release|Any CPU.Build.0 = Release|Any CPU
		{F598C890-EED5-4C8E-8B4E-5A58F6CA8D24}.Debug|Any CPU.ActiveCfg = Debug|Any CPU
		{F598C890-EED5-4C8E-8B4E-5A58F6CA8D24}.Debug|Any CPU.Build.0 = Debug|Any CPU
		{F598C890-EED5-4C8E-8B4E-5A58F6CA8D24}.Release|Any CPU.ActiveCfg = Release|Any CPU
		{F598C890-EED5-4C8E-8B4E-5A58F6CA8D24}.Release|Any CPU.Build.0 = Release|Any CPU
		{9E53878C-3EA1-4250-8491-B4BBEFDE008B}.Debug|Any CPU.ActiveCfg = Debug|Any CPU
		{9E53878C-3EA1-4250-8491-B4BBEFDE008B}.Debug|Any CPU.Build.0 = Debug|Any CPU
		{9E53878C-3EA1-4250-8491-B4BBEFDE008B}.Release|Any CPU.ActiveCfg = Release|Any CPU
		{9E53878C-3EA1-4250-8491-B4BBEFDE008B}.Release|Any CPU.Build.0 = Release|Any CPU
	EndGlobalSection
	GlobalSection(SolutionProperties) = preSolution
		HideSolutionNode = FALSE
	EndGlobalSection
	GlobalSection(ExtensibilityGlobals) = postSolution
		SolutionGuid = {37EFC2D7-2BDC-4966-8F3C-AC9772A4C91F}
	EndGlobalSection
EndGlobal
